
Microsoft Visual Studio Solution File, Format Version 12.00
# Visual Studio Version 17
VisualStudioVersion = 17.10.35013.160
MinimumVisualStudioVersion = 10.0.40219.1
Project("{9A19103F-16F7-4668-BE54-9A1E7A4F7556}") = "SuperShop", "SuperShop\SuperShop.csproj", "{B0A7DD9F-7BE7-4B8D-ACF3-49CA6C3C047A}"
EndProject
Project("{FAE04EC0-301F-11D3-BF4B-00C04F79EFBC}") = "SuperShop.Prism", "SuperShop.Prism\SuperShop.Prism\SuperShop.Prism.csproj", "{A7C037F1-5AA1-4B71-8534-6ECC47565B67}"
EndProject
Project("{FAE04EC0-301F-11D3-BF4B-00C04F79EFBC}") = "SuperShop.Prism.Android", "SuperShop.Prism\SuperShop.Prism.Android\SuperShop.Prism.Android.csproj", "{DFD58D64-7BA6-403F-AE57-D3E7DDA3BDDE}"
EndProject
Project("{FAE04EC0-301F-11D3-BF4B-00C04F79EFBC}") = "SuperShop.Prism.iOS", "SuperShop.Prism\SuperShop.Prism.iOS\SuperShop.Prism.iOS.csproj", "{4EE7F5AE-F6E8-4D39-B650-EB4603DF36D8}"
EndProject
Global
	GlobalSection(SolutionConfigurationPlatforms) = preSolution
		Ad-Hoc|Any CPU = Ad-Hoc|Any CPU
		Ad-Hoc|iPhone = Ad-Hoc|iPhone
		Ad-Hoc|iPhoneSimulator = Ad-Hoc|iPhoneSimulator
		AppStore|Any CPU = AppStore|Any CPU
		AppStore|iPhone = AppStore|iPhone
		AppStore|iPhoneSimulator = AppStore|iPhoneSimulator
		Debug|Any CPU = Debug|Any CPU
		Debug|iPhone = Debug|iPhone
		Debug|iPhoneSimulator = Debug|iPhoneSimulator
		Release|Any CPU = Release|Any CPU
		Release|iPhone = Release|iPhone
		Release|iPhoneSimulator = Release|iPhoneSimulator
	EndGlobalSection
	GlobalSection(ProjectConfigurationPlatforms) = postSolution
		{B0A7DD9F-7BE7-4B8D-ACF3-49CA6C3C047A}.Ad-Hoc|Any CPU.ActiveCfg = Release|Any CPU
		{B0A7DD9F-7BE7-4B8D-ACF3-49CA6C3C047A}.Ad-Hoc|Any CPU.Build.0 = Release|Any CPU
		{B0A7DD9F-7BE7-4B8D-ACF3-49CA6C3C047A}.Ad-Hoc|iPhone.ActiveCfg = Release|Any CPU
		{B0A7DD9F-7BE7-4B8D-ACF3-49CA6C3C047A}.Ad-Hoc|iPhone.Build.0 = Release|Any CPU
		{B0A7DD9F-7BE7-4B8D-ACF3-49CA6C3C047A}.Ad-Hoc|iPhoneSimulator.ActiveCfg = Release|Any CPU
		{B0A7DD9F-7BE7-4B8D-ACF3-49CA6C3C047A}.Ad-Hoc|iPhoneSimulator.Build.0 = Release|Any CPU
		{B0A7DD9F-7BE7-4B8D-ACF3-49CA6C3C047A}.AppStore|Any CPU.ActiveCfg = Release|Any CPU
		{B0A7DD9F-7BE7-4B8D-ACF3-49CA6C3C047A}.AppStore|Any CPU.Build.0 = Release|Any CPU
		{B0A7DD9F-7BE7-4B8D-ACF3-49CA6C3C047A}.AppStore|iPhone.ActiveCfg = Release|Any CPU
		{B0A7DD9F-7BE7-4B8D-ACF3-49CA6C3C047A}.AppStore|iPhone.Build.0 = Release|Any CPU
		{B0A7DD9F-7BE7-4B8D-ACF3-49CA6C3C047A}.AppStore|iPhoneSimulator.ActiveCfg = Release|Any CPU
		{B0A7DD9F-7BE7-4B8D-ACF3-49CA6C3C047A}.AppStore|iPhoneSimulator.Build.0 = Release|Any CPU
		{B0A7DD9F-7BE7-4B8D-ACF3-49CA6C3C047A}.Debug|Any CPU.ActiveCfg = Debug|Any CPU
		{B0A7DD9F-7BE7-4B8D-ACF3-49CA6C3C047A}.Debug|Any CPU.Build.0 = Debug|Any CPU
		{B0A7DD9F-7BE7-4B8D-ACF3-49CA6C3C047A}.Debug|iPhone.ActiveCfg = Debug|Any CPU
		{B0A7DD9F-7BE7-4B8D-ACF3-49CA6C3C047A}.Debug|iPhone.Build.0 = Debug|Any CPU
		{B0A7DD9F-7BE7-4B8D-ACF3-49CA6C3C047A}.Debug|iPhoneSimulator.ActiveCfg = Debug|Any CPU
		{B0A7DD9F-7BE7-4B8D-ACF3-49CA6C3C047A}.Debug|iPhoneSimulator.Build.0 = Debug|Any CPU
		{B0A7DD9F-7BE7-4B8D-ACF3-49CA6C3C047A}.Release|Any CPU.ActiveCfg = Release|Any CPU
		{B0A7DD9F-7BE7-4B8D-ACF3-49CA6C3C047A}.Release|Any CPU.Build.0 = Release|Any CPU
		{B0A7DD9F-7BE7-4B8D-ACF3-49CA6C3C047A}.Release|iPhone.ActiveCfg = Release|Any CPU
		{B0A7DD9F-7BE7-4B8D-ACF3-49CA6C3C047A}.Release|iPhone.Build.0 = Release|Any CPU
		{B0A7DD9F-7BE7-4B8D-ACF3-49CA6C3C047A}.Release|iPhoneSimulator.ActiveCfg = Release|Any CPU
		{B0A7DD9F-7BE7-4B8D-ACF3-49CA6C3C047A}.Release|iPhoneSimulator.Build.0 = Release|Any CPU
		{A7C037F1-5AA1-4B71-8534-6ECC47565B67}.Ad-Hoc|Any CPU.ActiveCfg = Debug|Any CPU
		{A7C037F1-5AA1-4B71-8534-6ECC47565B67}.Ad-Hoc|Any CPU.Build.0 = Debug|Any CPU
		{A7C037F1-5AA1-4B71-8534-6ECC47565B67}.Ad-Hoc|iPhone.ActiveCfg = Debug|Any CPU
		{A7C037F1-5AA1-4B71-8534-6ECC47565B67}.Ad-Hoc|iPhone.Build.0 = Debug|Any CPU
		{A7C037F1-5AA1-4B71-8534-6ECC47565B67}.Ad-Hoc|iPhoneSimulator.ActiveCfg = Debug|Any CPU
		{A7C037F1-5AA1-4B71-8534-6ECC47565B67}.Ad-Hoc|iPhoneSimulator.Build.0 = Debug|Any CPU
		{A7C037F1-5AA1-4B71-8534-6ECC47565B67}.AppStore|Any CPU.ActiveCfg = Debug|Any CPU
		{A7C037F1-5AA1-4B71-8534-6ECC47565B67}.AppStore|Any CPU.Build.0 = Debug|Any CPU
		{A7C037F1-5AA1-4B71-8534-6ECC47565B67}.AppStore|iPhone.ActiveCfg = Debug|Any CPU
		{A7C037F1-5AA1-4B71-8534-6ECC47565B67}.AppStore|iPhone.Build.0 = Debug|Any CPU
		{A7C037F1-5AA1-4B71-8534-6ECC47565B67}.AppStore|iPhoneSimulator.ActiveCfg = Debug|Any CPU
		{A7C037F1-5AA1-4B71-8534-6ECC47565B67}.AppStore|iPhoneSimulator.Build.0 = Debug|Any CPU
		{A7C037F1-5AA1-4B71-8534-6ECC47565B67}.Debug|Any CPU.ActiveCfg = Debug|Any CPU
		{A7C037F1-5AA1-4B71-8534-6ECC47565B67}.Debug|Any CPU.Build.0 = Debug|Any CPU
		{A7C037F1-5AA1-4B71-8534-6ECC47565B67}.Debug|iPhone.ActiveCfg = Debug|Any CPU
		{A7C037F1-5AA1-4B71-8534-6ECC47565B67}.Debug|iPhone.Build.0 = Debug|Any CPU
		{A7C037F1-5AA1-4B71-8534-6ECC47565B67}.Debug|iPhoneSimulator.ActiveCfg = Debug|Any CPU
		{A7C037F1-5AA1-4B71-8534-6ECC47565B67}.Debug|iPhoneSimulator.Build.0 = Debug|Any CPU
		{A7C037F1-5AA1-4B71-8534-6ECC47565B67}.Release|Any CPU.ActiveCfg = Release|Any CPU
		{A7C037F1-5AA1-4B71-8534-6ECC47565B67}.Release|Any CPU.Build.0 = Release|Any CPU
		{A7C037F1-5AA1-4B71-8534-6ECC47565B67}.Release|iPhone.ActiveCfg = Release|Any CPU
		{A7C037F1-5AA1-4B71-8534-6ECC47565B67}.Release|iPhone.Build.0 = Release|Any CPU
		{A7C037F1-5AA1-4B71-8534-6ECC47565B67}.Release|iPhoneSimulator.ActiveCfg = Release|Any CPU
		{A7C037F1-5AA1-4B71-8534-6ECC47565B67}.Release|iPhoneSimulator.Build.0 = Release|Any CPU
		{DFD58D64-7BA6-403F-AE57-D3E7DDA3BDDE}.Ad-Hoc|Any CPU.ActiveCfg = Debug|Any CPU
		{DFD58D64-7BA6-403F-AE57-D3E7DDA3BDDE}.Ad-Hoc|Any CPU.Build.0 = Debug|Any CPU
		{DFD58D64-7BA6-403F-AE57-D3E7DDA3BDDE}.Ad-Hoc|Any CPU.Deploy.0 = Debug|Any CPU
		{DFD58D64-7BA6-403F-AE57-D3E7DDA3BDDE}.Ad-Hoc|iPhone.ActiveCfg = Debug|Any CPU
		{DFD58D64-7BA6-403F-AE57-D3E7DDA3BDDE}.Ad-Hoc|iPhone.Build.0 = Debug|Any CPU
		{DFD58D64-7BA6-403F-AE57-D3E7DDA3BDDE}.Ad-Hoc|iPhone.Deploy.0 = Debug|Any CPU
		{DFD58D64-7BA6-403F-AE57-D3E7DDA3BDDE}.Ad-Hoc|iPhoneSimulator.ActiveCfg = Debug|Any CPU
		{DFD58D64-7BA6-403F-AE57-D3E7DDA3BDDE}.Ad-Hoc|iPhoneSimulator.Build.0 = Debug|Any CPU
		{DFD58D64-7BA6-403F-AE57-D3E7DDA3BDDE}.Ad-Hoc|iPhoneSimulator.Deploy.0 = Debug|Any CPU
		{DFD58D64-7BA6-403F-AE57-D3E7DDA3BDDE}.AppStore|Any CPU.ActiveCfg = Debug|Any CPU
		{DFD58D64-7BA6-403F-AE57-D3E7DDA3BDDE}.AppStore|Any CPU.Build.0 = Debug|Any CPU
		{DFD58D64-7BA6-403F-AE57-D3E7DDA3BDDE}.AppStore|Any CPU.Deploy.0 = Debug|Any CPU
		{DFD58D64-7BA6-403F-AE57-D3E7DDA3BDDE}.AppStore|iPhone.ActiveCfg = Debug|Any CPU
		{DFD58D64-7BA6-403F-AE57-D3E7DDA3BDDE}.AppStore|iPhone.Build.0 = Debug|Any CPU
		{DFD58D64-7BA6-403F-AE57-D3E7DDA3BDDE}.AppStore|iPhone.Deploy.0 = Debug|Any CPU
		{DFD58D64-7BA6-403F-AE57-D3E7DDA3BDDE}.AppStore|iPhoneSimulator.ActiveCfg = Debug|Any CPU
		{DFD58D64-7BA6-403F-AE57-D3E7DDA3BDDE}.AppStore|iPhoneSimulator.Build.0 = Debug|Any CPU
		{DFD58D64-7BA6-403F-AE57-D3E7DDA3BDDE}.AppStore|iPhoneSimulator.Deploy.0 = Debug|Any CPU
		{DFD58D64-7BA6-403F-AE57-D3E7DDA3BDDE}.Debug|Any CPU.ActiveCfg = Debug|Any CPU
		{DFD58D64-7BA6-403F-AE57-D3E7DDA3BDDE}.Debug|Any CPU.Build.0 = Debug|Any CPU
		{DFD58D64-7BA6-403F-AE57-D3E7DDA3BDDE}.Debug|Any CPU.Deploy.0 = Debug|Any CPU
		{DFD58D64-7BA6-403F-AE57-D3E7DDA3BDDE}.Debug|iPhone.ActiveCfg = Debug|Any CPU
		{DFD58D64-7BA6-403F-AE57-D3E7DDA3BDDE}.Debug|iPhone.Build.0 = Debug|Any CPU
		{DFD58D64-7BA6-403F-AE57-D3E7DDA3BDDE}.Debug|iPhone.Deploy.0 = Debug|Any CPU
		{DFD58D64-7BA6-403F-AE57-D3E7DDA3BDDE}.Debug|iPhoneSimulator.ActiveCfg = Debug|Any CPU
		{DFD58D64-7BA6-403F-AE57-D3E7DDA3BDDE}.Debug|iPhoneSimulator.Build.0 = Debug|Any CPU
		{DFD58D64-7BA6-403F-AE57-D3E7DDA3BDDE}.Debug|iPhoneSimulator.Deploy.0 = Debug|Any CPU
		{DFD58D64-7BA6-403F-AE57-D3E7DDA3BDDE}.Release|Any CPU.ActiveCfg = Release|Any CPU
		{DFD58D64-7BA6-403F-AE57-D3E7DDA3BDDE}.Release|Any CPU.Build.0 = Release|Any CPU
		{DFD58D64-7BA6-403F-AE57-D3E7DDA3BDDE}.Release|Any CPU.Deploy.0 = Release|Any CPU
		{DFD58D64-7BA6-403F-AE57-D3E7DDA3BDDE}.Release|iPhone.ActiveCfg = Release|Any CPU
		{DFD58D64-7BA6-403F-AE57-D3E7DDA3BDDE}.Release|iPhone.Build.0 = Release|Any CPU
		{DFD58D64-7BA6-403F-AE57-D3E7DDA3BDDE}.Release|iPhone.Deploy.0 = Release|Any CPU
		{DFD58D64-7BA6-403F-AE57-D3E7DDA3BDDE}.Release|iPhoneSimulator.ActiveCfg = Release|Any CPU
		{DFD58D64-7BA6-403F-AE57-D3E7DDA3BDDE}.Release|iPhoneSimulator.Build.0 = Release|Any CPU
		{DFD58D64-7BA6-403F-AE57-D3E7DDA3BDDE}.Release|iPhoneSimulator.Deploy.0 = Release|Any CPU
		{4EE7F5AE-F6E8-4D39-B650-EB4603DF36D8}.Ad-Hoc|Any CPU.ActiveCfg = Ad-Hoc|iPhoneSimulator
		{4EE7F5AE-F6E8-4D39-B650-EB4603DF36D8}.Ad-Hoc|Any CPU.Build.0 = Ad-Hoc|iPhoneSimulator
		{4EE7F5AE-F6E8-4D39-B650-EB4603DF36D8}.Ad-Hoc|iPhone.ActiveCfg = Ad-Hoc|iPhone
		{4EE7F5AE-F6E8-4D39-B650-EB4603DF36D8}.Ad-Hoc|iPhone.Build.0 = Ad-Hoc|iPhone
		{4EE7F5AE-F6E8-4D39-B650-EB4603DF36D8}.Ad-Hoc|iPhoneSimulator.ActiveCfg = Ad-Hoc|iPhoneSimulator
		{4EE7F5AE-F6E8-4D39-B650-EB4603DF36D8}.Ad-Hoc|iPhoneSimulator.Build.0 = Ad-Hoc|iPhoneSimulator
		{4EE7F5AE-F6E8-4D39-B650-EB4603DF36D8}.AppStore|Any CPU.ActiveCfg = AppStore|iPhoneSimulator
		{4EE7F5AE-F6E8-4D39-B650-EB4603DF36D8}.AppStore|Any CPU.Build.0 = AppStore|iPhoneSimulator
		{4EE7F5AE-F6E8-4D39-B650-EB4603DF36D8}.AppStore|iPhone.ActiveCfg = AppStore|iPhone
		{4EE7F5AE-F6E8-4D39-B650-EB4603DF36D8}.AppStore|iPhone.Build.0 = AppStore|iPhone
		{4EE7F5AE-F6E8-4D39-B650-EB4603DF36D8}.AppStore|iPhoneSimulator.ActiveCfg = AppStore|iPhoneSimulator
		{4EE7F5AE-F6E8-4D39-B650-EB4603DF36D8}.AppStore|iPhoneSimulator.Build.0 = AppStore|iPhoneSimulator
		{4EE7F5AE-F6E8-4D39-B650-EB4603DF36D8}.Debug|Any CPU.ActiveCfg = Debug|iPhoneSimulator
		{4EE7F5AE-F6E8-4D39-B650-EB4603DF36D8}.Debug|Any CPU.Build.0 = Debug|iPhoneSimulator
		{4EE7F5AE-F6E8-4D39-B650-EB4603DF36D8}.Debug|iPhone.ActiveCfg = Debug|iPhone
		{4EE7F5AE-F6E8-4D39-B650-EB4603DF36D8}.Debug|iPhone.Build.0 = Debug|iPhone
		{4EE7F5AE-F6E8-4D39-B650-EB4603DF36D8}.Debug|iPhoneSimulator.ActiveCfg = Debug|iPhoneSimulator
		{4EE7F5AE-F6E8-4D39-B650-EB4603DF36D8}.Debug|iPhoneSimulator.Build.0 = Debug|iPhoneSimulator
		{4EE7F5AE-F6E8-4D39-B650-EB4603DF36D8}.Release|Any CPU.ActiveCfg = Release|iPhoneSimulator
		{4EE7F5AE-F6E8-4D39-B650-EB4603DF36D8}.Release|Any CPU.Build.0 = Release|iPhoneSimulator
		{4EE7F5AE-F6E8-4D39-B650-EB4603DF36D8}.Release|iPhone.ActiveCfg = Release|iPhone
		{4EE7F5AE-F6E8-4D39-B650-EB4603DF36D8}.Release|iPhone.Build.0 = Release|iPhone
		{4EE7F5AE-F6E8-4D39-B650-EB4603DF36D8}.Release|iPhoneSimulator.ActiveCfg = Release|iPhoneSimulator
		{4EE7F5AE-F6E8-4D39-B650-EB4603DF36D8}.Release|iPhoneSimulator.Build.0 = Release|iPhoneSimulator
	EndGlobalSection
	GlobalSection(SolutionProperties) = preSolution
		HideSolutionNode = FALSE
	EndGlobalSection
	GlobalSection(ExtensibilityGlobals) = postSolution
		SolutionGuid = {758BD0C0-21CA-4B89-A8CB-CCE0826F76CA}
	EndGlobalSection
EndGlobal
